
Microsoft Visual Studio Solution File, Format Version 12.00
# Visual Studio 2012
Project("{FAE04EC0-301F-11D3-BF4B-00C04F79EFBC}") = "TFS_EventHandlers", "TFS_ApplyTemplateHandler\TFS_EventHandlers.csproj", "{E003560E-499B-47B3-8A4D-A10FC9B6967A}"
EndProject
Global
	GlobalSection(TeamFoundationVersionControl) = preSolution
		SccNumberOfProjects = 2
		SccEnterpriseProvider = {4CA58AB2-18FA-4F8D-95D4-32DDF27D184C}
		SccTeamFoundationServer = http://minint-j76nlte:8080/tfs/defaultcollection
		SccProjectUniqueName0 = TFS_ApplyTemplateHandler\\TFS_EventHandlers.csproj
		SccProjectName0 = TFS_ApplyTemplateHandler
		SccLocalPath0 = TFS_ApplyTemplateHandler
		SccLocalPath1 = .
	EndGlobalSection
	GlobalSection(SolutionConfigurationPlatforms) = preSolution
		Debug|Any CPU = Debug|Any CPU
		Release|Any CPU = Release|Any CPU
	EndGlobalSection
	GlobalSection(ProjectConfigurationPlatforms) = postSolution
		{E003560E-499B-47B3-8A4D-A10FC9B6967A}.Debug|Any CPU.ActiveCfg = Debug|Any CPU
		{E003560E-499B-47B3-8A4D-A10FC9B6967A}.Debug|Any CPU.Build.0 = Debug|Any CPU
		{E003560E-499B-47B3-8A4D-A10FC9B6967A}.Release|Any CPU.ActiveCfg = Release|Any CPU
		{E003560E-499B-47B3-8A4D-A10FC9B6967A}.Release|Any CPU.Build.0 = Release|Any CPU
	EndGlobalSection
	GlobalSection(SolutionProperties) = preSolution
		HideSolutionNode = FALSE
	EndGlobalSection
EndGlobal
